
Microsoft Visual Studio Solution File, Format Version 12.00
# Visual Studio 14
VisualStudioVersion = 14.0.22310.1
MinimumVisualStudioVersion = 10.0.40219.1
Project("{2150E333-8FDC-42A3-9474-1A3956D46DE8}") = "Engine", "Engine", "{AE2A3D59-B1D0-4B98-A132-E6731A8A94D4}"
EndProject
Project("{2150E333-8FDC-42A3-9474-1A3956D46DE8}") = "Games", "Games", "{A1758472-E212-4BB2-B49D-11AADB1027FF}"
EndProject
Project("{8BC9CEB8-8B4A-11D0-8D11-00A0C91BC942}") = "UE4", "Intermediate\ProjectFiles\UE4.vcxproj", "{F4D69249-8747-47E3-B6F6-AE24A680A781}"
EndProject
Project("{8BC9CEB8-8B4A-11D0-8D11-00A0C91BC942}") = "KartRacer", "Intermediate\ProjectFiles\KartRacer.vcxproj", "{0303ED28-74E2-496D-B92E-4528840EA912}"
EndProject
Global
	GlobalSection(SolutionConfigurationPlatforms) = preSolution
		DebugGame Editor|HTML5 = DebugGame Editor|HTML5
		DebugGame Editor|Win32 = DebugGame Editor|Win32
		DebugGame Editor|Win64 = DebugGame Editor|Win64
		DebugGame|HTML5 = DebugGame|HTML5
		DebugGame|Win32 = DebugGame|Win32
		DebugGame|Win64 = DebugGame|Win64
		Development Editor|HTML5 = Development Editor|HTML5
		Development Editor|Win32 = Development Editor|Win32
		Development Editor|Win64 = Development Editor|Win64
		Development|HTML5 = Development|HTML5
		Development|Win32 = Development|Win32
		Development|Win64 = Development|Win64
		Shipping|HTML5 = Shipping|HTML5
		Shipping|Win32 = Shipping|Win32
		Shipping|Win64 = Shipping|Win64
	EndGlobalSection
	GlobalSection(ProjectConfigurationPlatforms) = postSolution
		{0303ED28-74E2-496D-B92E-4528840EA912}.DebugGame Editor|HTML5.ActiveCfg = HTML5_DebugGame_Editor|Win32
		{0303ED28-74E2-496D-B92E-4528840EA912}.DebugGame Editor|Win32.ActiveCfg = DebugGame_Editor|Win32
		{0303ED28-74E2-496D-B92E-4528840EA912}.DebugGame Editor|Win64.ActiveCfg = DebugGame_Editor|x64
		{0303ED28-74E2-496D-B92E-4528840EA912}.DebugGame Editor|Win64.Build.0 = DebugGame_Editor|x64
		{0303ED28-74E2-496D-B92E-4528840EA912}.DebugGame|HTML5.ActiveCfg = HTML5_DebugGame_Game|Win32
		{0303ED28-74E2-496D-B92E-4528840EA912}.DebugGame|HTML5.Build.0 = HTML5_DebugGame_Game|Win32
		{0303ED28-74E2-496D-B92E-4528840EA912}.DebugGame|Win32.ActiveCfg = DebugGame_Game|Win32
		{0303ED28-74E2-496D-B92E-4528840EA912}.DebugGame|Win32.Build.0 = DebugGame_Game|Win32
		{0303ED28-74E2-496D-B92E-4528840EA912}.DebugGame|Win64.ActiveCfg = DebugGame_Game|x64
		{0303ED28-74E2-496D-B92E-4528840EA912}.DebugGame|Win64.Build.0 = DebugGame_Game|x64
		{0303ED28-74E2-496D-B92E-4528840EA912}.Development Editor|HTML5.ActiveCfg = HTML5_Development_Editor|Win32
		{0303ED28-74E2-496D-B92E-4528840EA912}.Development Editor|Win32.ActiveCfg = Development_Editor|Win32
		{0303ED28-74E2-496D-B92E-4528840EA912}.Development Editor|Win64.ActiveCfg = Development_Editor|x64
		{0303ED28-74E2-496D-B92E-4528840EA912}.Development Editor|Win64.Build.0 = Development_Editor|x64
		{0303ED28-74E2-496D-B92E-4528840EA912}.Development|HTML5.ActiveCfg = HTML5_Development_Game|Win32
		{0303ED28-74E2-496D-B92E-4528840EA912}.Development|HTML5.Build.0 = HTML5_Development_Game|Win32
		{0303ED28-74E2-496D-B92E-4528840EA912}.Development|Win32.ActiveCfg = Development_Game|Win32
		{0303ED28-74E2-496D-B92E-4528840EA912}.Development|Win32.Build.0 = Development_Game|Win32
		{0303ED28-74E2-496D-B92E-4528840EA912}.Development|Win64.ActiveCfg = Development_Game|x64
		{0303ED28-74E2-496D-B92E-4528840EA912}.Development|Win64.Build.0 = Development_Game|x64
		{0303ED28-74E2-496D-B92E-4528840EA912}.Shipping|HTML5.ActiveCfg = HTML5_Shipping_Game|Win32
		{0303ED28-74E2-496D-B92E-4528840EA912}.Shipping|HTML5.Build.0 = HTML5_Shipping_Game|Win32
		{0303ED28-74E2-496D-B92E-4528840EA912}.Shipping|Win32.ActiveCfg = Shipping_Game|Win32
		{0303ED28-74E2-496D-B92E-4528840EA912}.Shipping|Win32.Build.0 = Shipping_Game|Win32
		{0303ED28-74E2-496D-B92E-4528840EA912}.Shipping|Win64.ActiveCfg = Shipping_Game|x64
		{0303ED28-74E2-496D-B92E-4528840EA912}.Shipping|Win64.Build.0 = Shipping_Game|x64
	EndGlobalSection
	GlobalSection(SolutionProperties) = preSolution
		HideSolutionNode = FALSE
	EndGlobalSection
	GlobalSection(NestedProjects) = preSolution
		{F4D69249-8747-47E3-B6F6-AE24A680A781} = {AE2A3D59-B1D0-4B98-A132-E6731A8A94D4}
		{0303ED28-74E2-496D-B92E-4528840EA912} = {A1758472-E212-4BB2-B49D-11AADB1027FF}
	EndGlobalSection
EndGlobal
