
Microsoft Visual Studio Solution File, Format Version 12.00
# Visual Studio 14
VisualStudioVersion = 14.0.24720.0
MinimumVisualStudioVersion = 10.0.40219.1
Project("{2150E333-8FDC-42A3-9474-1A3956D46DE8}") = "Engine", "Engine", "{3D419E90-243F-4B8F-8734-E6A610374647}"
EndProject
Project("{2150E333-8FDC-42A3-9474-1A3956D46DE8}") = "Games", "Games", "{991B2D5B-F62B-4ACA-A075-AFB834F8D2B3}"
EndProject
Project("{8BC9CEB8-8B4A-11D0-8D11-00A0C91BC942}") = "UE4", "Intermediate\ProjectFiles\UE4.vcxproj", "{2185C7F7-BCEB-47FD-9B9F-8B7EB1A9728F}"
EndProject
Project("{8BC9CEB8-8B4A-11D0-8D11-00A0C91BC942}") = "KartRacer", "Intermediate\ProjectFiles\KartRacer.vcxproj", "{3C7F0D30-8979-4717-ABBE-531755844D9F}"
EndProject
Global
	GlobalSection(SolutionConfigurationPlatforms) = preSolution
		DebugGame Editor|HTML5 = DebugGame Editor|HTML5
		DebugGame Editor|Win32 = DebugGame Editor|Win32
		DebugGame Editor|Win64 = DebugGame Editor|Win64
		DebugGame|HTML5 = DebugGame|HTML5
		DebugGame|Win32 = DebugGame|Win32
		DebugGame|Win64 = DebugGame|Win64
		Development Editor|HTML5 = Development Editor|HTML5
		Development Editor|Win32 = Development Editor|Win32
		Development Editor|Win64 = Development Editor|Win64
		Development|HTML5 = Development|HTML5
		Development|Win32 = Development|Win32
		Development|Win64 = Development|Win64
		Shipping|HTML5 = Shipping|HTML5
		Shipping|Win32 = Shipping|Win32
		Shipping|Win64 = Shipping|Win64
	EndGlobalSection
	GlobalSection(ProjectConfigurationPlatforms) = postSolution
		{2185C7F7-BCEB-47FD-9B9F-8B7EB1A9728F}.DebugGame Editor|HTML5.ActiveCfg = BuiltWithUnrealBuildTool|Win32
		{2185C7F7-BCEB-47FD-9B9F-8B7EB1A9728F}.DebugGame Editor|HTML5.Build.0 = BuiltWithUnrealBuildTool|Win32
		{2185C7F7-BCEB-47FD-9B9F-8B7EB1A9728F}.DebugGame Editor|Win32.ActiveCfg = BuiltWithUnrealBuildTool|Win32
		{2185C7F7-BCEB-47FD-9B9F-8B7EB1A9728F}.DebugGame Editor|Win32.Build.0 = BuiltWithUnrealBuildTool|Win32
		{2185C7F7-BCEB-47FD-9B9F-8B7EB1A9728F}.DebugGame Editor|Win64.ActiveCfg = BuiltWithUnrealBuildTool|Win32
		{2185C7F7-BCEB-47FD-9B9F-8B7EB1A9728F}.DebugGame Editor|Win64.Build.0 = BuiltWithUnrealBuildTool|Win32
		{2185C7F7-BCEB-47FD-9B9F-8B7EB1A9728F}.DebugGame|HTML5.ActiveCfg = BuiltWithUnrealBuildTool|Win32
		{2185C7F7-BCEB-47FD-9B9F-8B7EB1A9728F}.DebugGame|HTML5.Build.0 = BuiltWithUnrealBuildTool|Win32
		{2185C7F7-BCEB-47FD-9B9F-8B7EB1A9728F}.DebugGame|Win32.ActiveCfg = BuiltWithUnrealBuildTool|Win32
		{2185C7F7-BCEB-47FD-9B9F-8B7EB1A9728F}.DebugGame|Win32.Build.0 = BuiltWithUnrealBuildTool|Win32
		{2185C7F7-BCEB-47FD-9B9F-8B7EB1A9728F}.DebugGame|Win64.ActiveCfg = BuiltWithUnrealBuildTool|Win32
		{2185C7F7-BCEB-47FD-9B9F-8B7EB1A9728F}.DebugGame|Win64.Build.0 = BuiltWithUnrealBuildTool|Win32
		{2185C7F7-BCEB-47FD-9B9F-8B7EB1A9728F}.Development Editor|HTML5.ActiveCfg = BuiltWithUnrealBuildTool|Win32
		{2185C7F7-BCEB-47FD-9B9F-8B7EB1A9728F}.Development Editor|HTML5.Build.0 = BuiltWithUnrealBuildTool|Win32
		{2185C7F7-BCEB-47FD-9B9F-8B7EB1A9728F}.Development Editor|Win32.ActiveCfg = BuiltWithUnrealBuildTool|Win32
		{2185C7F7-BCEB-47FD-9B9F-8B7EB1A9728F}.Development Editor|Win32.Build.0 = BuiltWithUnrealBuildTool|Win32
		{2185C7F7-BCEB-47FD-9B9F-8B7EB1A9728F}.Development Editor|Win64.ActiveCfg = BuiltWithUnrealBuildTool|Win32
		{2185C7F7-BCEB-47FD-9B9F-8B7EB1A9728F}.Development Editor|Win64.Build.0 = BuiltWithUnrealBuildTool|Win32
		{2185C7F7-BCEB-47FD-9B9F-8B7EB1A9728F}.Development|HTML5.ActiveCfg = BuiltWithUnrealBuildTool|Win32
		{2185C7F7-BCEB-47FD-9B9F-8B7EB1A9728F}.Development|HTML5.Build.0 = BuiltWithUnrealBuildTool|Win32
		{2185C7F7-BCEB-47FD-9B9F-8B7EB1A9728F}.Development|Win32.ActiveCfg = BuiltWithUnrealBuildTool|Win32
		{2185C7F7-BCEB-47FD-9B9F-8B7EB1A9728F}.Development|Win32.Build.0 = BuiltWithUnrealBuildTool|Win32
		{2185C7F7-BCEB-47FD-9B9F-8B7EB1A9728F}.Development|Win64.ActiveCfg = BuiltWithUnrealBuildTool|Win32
		{2185C7F7-BCEB-47FD-9B9F-8B7EB1A9728F}.Development|Win64.Build.0 = BuiltWithUnrealBuildTool|Win32
		{2185C7F7-BCEB-47FD-9B9F-8B7EB1A9728F}.Shipping|HTML5.ActiveCfg = BuiltWithUnrealBuildTool|Win32
		{2185C7F7-BCEB-47FD-9B9F-8B7EB1A9728F}.Shipping|HTML5.Build.0 = BuiltWithUnrealBuildTool|Win32
		{2185C7F7-BCEB-47FD-9B9F-8B7EB1A9728F}.Shipping|Win32.ActiveCfg = BuiltWithUnrealBuildTool|Win32
		{2185C7F7-BCEB-47FD-9B9F-8B7EB1A9728F}.Shipping|Win32.Build.0 = BuiltWithUnrealBuildTool|Win32
		{2185C7F7-BCEB-47FD-9B9F-8B7EB1A9728F}.Shipping|Win64.ActiveCfg = BuiltWithUnrealBuildTool|Win32
		{2185C7F7-BCEB-47FD-9B9F-8B7EB1A9728F}.Shipping|Win64.Build.0 = BuiltWithUnrealBuildTool|Win32
		{3C7F0D30-8979-4717-ABBE-531755844D9F}.DebugGame Editor|HTML5.ActiveCfg = HTML5_DebugGame_Editor|Win32
		{3C7F0D30-8979-4717-ABBE-531755844D9F}.DebugGame Editor|Win32.ActiveCfg = DebugGame_Editor|Win32
		{3C7F0D30-8979-4717-ABBE-531755844D9F}.DebugGame Editor|Win64.ActiveCfg = DebugGame_Editor|x64
		{3C7F0D30-8979-4717-ABBE-531755844D9F}.DebugGame Editor|Win64.Build.0 = DebugGame_Editor|x64
		{3C7F0D30-8979-4717-ABBE-531755844D9F}.DebugGame|HTML5.ActiveCfg = HTML5_DebugGame_Game|Win32
		{3C7F0D30-8979-4717-ABBE-531755844D9F}.DebugGame|HTML5.Build.0 = HTML5_DebugGame_Game|Win32
		{3C7F0D30-8979-4717-ABBE-531755844D9F}.DebugGame|Win32.ActiveCfg = DebugGame_Game|Win32
		{3C7F0D30-8979-4717-ABBE-531755844D9F}.DebugGame|Win32.Build.0 = DebugGame_Game|Win32
		{3C7F0D30-8979-4717-ABBE-531755844D9F}.DebugGame|Win64.ActiveCfg = DebugGame_Game|x64
		{3C7F0D30-8979-4717-ABBE-531755844D9F}.DebugGame|Win64.Build.0 = DebugGame_Game|x64
		{3C7F0D30-8979-4717-ABBE-531755844D9F}.Development Editor|HTML5.ActiveCfg = HTML5_Development_Editor|Win32
		{3C7F0D30-8979-4717-ABBE-531755844D9F}.Development Editor|Win32.ActiveCfg = Development_Editor|Win32
		{3C7F0D30-8979-4717-ABBE-531755844D9F}.Development Editor|Win64.ActiveCfg = Development_Editor|x64
		{3C7F0D30-8979-4717-ABBE-531755844D9F}.Development Editor|Win64.Build.0 = Development_Editor|x64
		{3C7F0D30-8979-4717-ABBE-531755844D9F}.Development|HTML5.ActiveCfg = HTML5_Development_Game|Win32
		{3C7F0D30-8979-4717-ABBE-531755844D9F}.Development|HTML5.Build.0 = HTML5_Development_Game|Win32
		{3C7F0D30-8979-4717-ABBE-531755844D9F}.Development|Win32.ActiveCfg = Development_Game|Win32
		{3C7F0D30-8979-4717-ABBE-531755844D9F}.Development|Win32.Build.0 = Development_Game|Win32
		{3C7F0D30-8979-4717-ABBE-531755844D9F}.Development|Win64.ActiveCfg = Development_Game|x64
		{3C7F0D30-8979-4717-ABBE-531755844D9F}.Development|Win64.Build.0 = Development_Game|x64
		{3C7F0D30-8979-4717-ABBE-531755844D9F}.Shipping|HTML5.ActiveCfg = HTML5_Shipping_Game|Win32
		{3C7F0D30-8979-4717-ABBE-531755844D9F}.Shipping|HTML5.Build.0 = HTML5_Shipping_Game|Win32
		{3C7F0D30-8979-4717-ABBE-531755844D9F}.Shipping|Win32.ActiveCfg = Shipping_Game|Win32
		{3C7F0D30-8979-4717-ABBE-531755844D9F}.Shipping|Win32.Build.0 = Shipping_Game|Win32
		{3C7F0D30-8979-4717-ABBE-531755844D9F}.Shipping|Win64.ActiveCfg = Shipping_Game|x64
		{3C7F0D30-8979-4717-ABBE-531755844D9F}.Shipping|Win64.Build.0 = Shipping_Game|x64
	EndGlobalSection
	GlobalSection(SolutionProperties) = preSolution
		HideSolutionNode = FALSE
	EndGlobalSection
	GlobalSection(NestedProjects) = preSolution
		{2185C7F7-BCEB-47FD-9B9F-8B7EB1A9728F} = {3D419E90-243F-4B8F-8734-E6A610374647}
		{3C7F0D30-8979-4717-ABBE-531755844D9F} = {991B2D5B-F62B-4ACA-A075-AFB834F8D2B3}
	EndGlobalSection
EndGlobal
